
Microsoft Visual Studio Solution File, Format Version 12.00
# Visual Studio Version 16
VisualStudioVersion = 16.0.30711.63
MinimumVisualStudioVersion = 10.0.40219.1
Project("{9A19103F-16F7-4668-BE54-9A1E7A4F7556}") = "TKTuts", "TKTuts\TKTuts.csproj", "{59706F57-3CC2-4769-9882-4530F1AC869F}"
EndProject
Project("{FAE04EC0-301F-11D3-BF4B-00C04F79EFBC}") = "PlsWork", "PlsWork\PlsWork.csproj", "{8D0A94B3-0BA4-4F5E-8CC2-F6844B73EB22}"
EndProject
Project("{FAE04EC0-301F-11D3-BF4B-00C04F79EFBC}") = "Triangle", "Triangle\Triangle.csproj", "{0A339DE4-F7C0-4BF1-BDFF-3B068DA1E0A2}"
EndProject
Global
	GlobalSection(SolutionConfigurationPlatforms) = preSolution
		Debug|Any CPU = Debug|Any CPU
		Release|Any CPU = Release|Any CPU
	EndGlobalSection
	GlobalSection(ProjectConfigurationPlatforms) = postSolution
		{59706F57-3CC2-4769-9882-4530F1AC869F}.Debug|Any CPU.ActiveCfg = Debug|Any CPU
		{59706F57-3CC2-4769-9882-4530F1AC869F}.Debug|Any CPU.Build.0 = Debug|Any CPU
		{59706F57-3CC2-4769-9882-4530F1AC869F}.Release|Any CPU.ActiveCfg = Release|Any CPU
		{59706F57-3CC2-4769-9882-4530F1AC869F}.Release|Any CPU.Build.0 = Release|Any CPU
		{8D0A94B3-0BA4-4F5E-8CC2-F6844B73EB22}.Debug|Any CPU.ActiveCfg = Debug|Any CPU
		{8D0A94B3-0BA4-4F5E-8CC2-F6844B73EB22}.Debug|Any CPU.Build.0 = Debug|Any CPU
		{8D0A94B3-0BA4-4F5E-8CC2-F6844B73EB22}.Release|Any CPU.ActiveCfg = Release|Any CPU
		{8D0A94B3-0BA4-4F5E-8CC2-F6844B73EB22}.Release|Any CPU.Build.0 = Release|Any CPU
		{0A339DE4-F7C0-4BF1-BDFF-3B068DA1E0A2}.Debug|Any CPU.ActiveCfg = Debug|Any CPU
		{0A339DE4-F7C0-4BF1-BDFF-3B068DA1E0A2}.Debug|Any CPU.Build.0 = Debug|Any CPU
		{0A339DE4-F7C0-4BF1-BDFF-3B068DA1E0A2}.Release|Any CPU.ActiveCfg = Release|Any CPU
		{0A339DE4-F7C0-4BF1-BDFF-3B068DA1E0A2}.Release|Any CPU.Build.0 = Release|Any CPU
	EndGlobalSection
	GlobalSection(SolutionProperties) = preSolution
		HideSolutionNode = FALSE
	EndGlobalSection
	GlobalSection(ExtensibilityGlobals) = postSolution
		SolutionGuid = {F194E457-74EA-4818-B322-EBFFBC3374CA}
	EndGlobalSection
EndGlobal
